// !$*UTF8*$!
{
	archiveVersion = 1;
	classes = {
	};
	objectVersion = 77;
	objects = {

/* Begin PBXBuildFile section */
		6604834A2DC9FBE800FC6A38 /* HotelSortType.swift in Sources */ = {isa = PBXBuildFile; fileRef = 660483492DC9FBD500FC6A38 /* HotelSortType.swift */; };
		6604834E2DC9FC6A00FC6A38 /* HotelsListState.swift in Sources */ = {isa = PBXBuildFile; fileRef = 6604834D2DC9FC6400FC6A38 /* HotelsListState.swift */; };
		660483532DCA059D00FC6A38 /* HotelDetailAction.swift in Sources */ = {isa = PBXBuildFile; fileRef = 660483522DCA059300FC6A38 /* HotelDetailAction.swift */; };
		660483552DCA060E00FC6A38 /* HotelsListAction.swift in Sources */ = {isa = PBXBuildFile; fileRef = 660483542DCA060600FC6A38 /* HotelsListAction.swift */; };
		660483572DCA06C400FC6A38 /* HotelsListViewController.swift in Sources */ = {isa = PBXBuildFile; fileRef = 660483562DCA06AF00FC6A38 /* HotelsListViewController.swift */; };
		660483592DCA06E700FC6A38 /* HotelDetailViewController.swift in Sources */ = {isa = PBXBuildFile; fileRef = 660483582DCA06E000FC6A38 /* HotelDetailViewController.swift */; };
		6604835B2DCA459E00FC6A38 /* Coordinator.swift in Sources */ = {isa = PBXBuildFile; fileRef = 6604835A2DCA459A00FC6A38 /* Coordinator.swift */; };
		6604835D2DCA461200FC6A38 /* SomeAPIDataSource.swift in Sources */ = {isa = PBXBuildFile; fileRef = 6604835C2DCA460A00FC6A38 /* SomeAPIDataSource.swift */; };
		6604835F2DCA466A00FC6A38 /* DataSource.swift in Sources */ = {isa = PBXBuildFile; fileRef = 6604835E2DCA466500FC6A38 /* DataSource.swift */; };
		660483622DCA4AB300FC6A38 /* HotelCell.swift in Sources */ = {isa = PBXBuildFile; fileRef = 660483612DCA4AA600FC6A38 /* HotelCell.swift */; };
		660483662DCB5DD700FC6A38 /* DataSourceDependency.swift in Sources */ = {isa = PBXBuildFile; fileRef = 660483652DCB5DB600FC6A38 /* DataSourceDependency.swift */; };
		660483682DCB5DEF00FC6A38 /* LocalDataSourceDependency.swift in Sources */ = {isa = PBXBuildFile; fileRef = 660483672DCB5DEA00FC6A38 /* LocalDataSourceDependency.swift */; };
		665382762DC0C19C00B5381D /* Assets.xcassets in Resources */ = {isa = PBXBuildFile; fileRef = 665382722DC0C19C00B5381D /* Assets.xcassets */; };
		665382782DC0C19C00B5381D /* AppDelegate.swift in Sources */ = {isa = PBXBuildFile; fileRef = 665382712DC0C19C00B5381D /* AppDelegate.swift */; };
		6653827C2DC0D66A00B5381D /* ComposableArchitecture in Frameworks */ = {isa = PBXBuildFile; productRef = 6653827B2DC0D66A00B5381D /* ComposableArchitecture */; };
		665382802DC2062B00B5381D /* HotelsListReducer.swift in Sources */ = {isa = PBXBuildFile; fileRef = 6653827F2DC2062400B5381D /* HotelsListReducer.swift */; };
		665382832DC2127000B5381D /* HotelDetail.swift in Sources */ = {isa = PBXBuildFile; fileRef = 665382822DC2126E00B5381D /* HotelDetail.swift */; };
		665382852DC212A400B5381D /* HotelDetailReducer.swift in Sources */ = {isa = PBXBuildFile; fileRef = 665382842DC212A000B5381D /* HotelDetailReducer.swift */; };
		6653828A2DC2140100B5381D /* HotelSummary.swift in Sources */ = {isa = PBXBuildFile; fileRef = 665382892DC213FE00B5381D /* HotelSummary.swift */; };
		6653828C2DC28CAE00B5381D /* iMofasNetworkManager.swift in Sources */ = {isa = PBXBuildFile; fileRef = 6653828B2DC28CAB00B5381D /* iMofasNetworkManager.swift */; };
/* End PBXBuildFile section */

/* Begin PBXFileReference section */
		660483492DC9FBD500FC6A38 /* HotelSortType.swift */ = {isa = PBXFileReference; lastKnownFileType = sourcecode.swift; path = HotelSortType.swift; sourceTree = "<group>"; };
		6604834D2DC9FC6400FC6A38 /* HotelsListState.swift */ = {isa = PBXFileReference; lastKnownFileType = sourcecode.swift; path = HotelsListState.swift; sourceTree = "<group>"; };
		660483522DCA059300FC6A38 /* HotelDetailAction.swift */ = {isa = PBXFileReference; lastKnownFileType = sourcecode.swift; path = HotelDetailAction.swift; sourceTree = "<group>"; };
		660483542DCA060600FC6A38 /* HotelsListAction.swift */ = {isa = PBXFileReference; lastKnownFileType = sourcecode.swift; path = HotelsListAction.swift; sourceTree = "<group>"; };
		660483562DCA06AF00FC6A38 /* HotelsListViewController.swift */ = {isa = PBXFileReference; lastKnownFileType = sourcecode.swift; path = HotelsListViewController.swift; sourceTree = "<group>"; };
		660483582DCA06E000FC6A38 /* HotelDetailViewController.swift */ = {isa = PBXFileReference; lastKnownFileType = sourcecode.swift; path = HotelDetailViewController.swift; sourceTree = "<group>"; };
		6604835A2DCA459A00FC6A38 /* Coordinator.swift */ = {isa = PBXFileReference; lastKnownFileType = sourcecode.swift; path = Coordinator.swift; sourceTree = "<group>"; };
		6604835C2DCA460A00FC6A38 /* SomeAPIDataSource.swift */ = {isa = PBXFileReference; lastKnownFileType = sourcecode.swift; path = SomeAPIDataSource.swift; sourceTree = "<group>"; };
		6604835E2DCA466500FC6A38 /* DataSource.swift */ = {isa = PBXFileReference; lastKnownFileType = sourcecode.swift; path = DataSource.swift; sourceTree = "<group>"; };
		660483612DCA4AA600FC6A38 /* HotelCell.swift */ = {isa = PBXFileReference; lastKnownFileType = sourcecode.swift; path = HotelCell.swift; sourceTree = "<group>"; };
		660483652DCB5DB600FC6A38 /* DataSourceDependency.swift */ = {isa = PBXFileReference; lastKnownFileType = sourcecode.swift; path = DataSourceDependency.swift; sourceTree = "<group>"; };
		660483672DCB5DEA00FC6A38 /* LocalDataSourceDependency.swift */ = {isa = PBXFileReference; lastKnownFileType = sourcecode.swift; path = LocalDataSourceDependency.swift; sourceTree = "<group>"; };
		665382492DC0B55B00B5381D /* hotels_list.app */ = {isa = PBXFileReference; explicitFileType = wrapper.application; includeInIndex = 0; path = hotels_list.app; sourceTree = BUILT_PRODUCTS_DIR; };
		665382712DC0C19C00B5381D /* AppDelegate.swift */ = {isa = PBXFileReference; lastKnownFileType = sourcecode.swift; path = AppDelegate.swift; sourceTree = "<group>"; };
		665382722DC0C19C00B5381D /* Assets.xcassets */ = {isa = PBXFileReference; lastKnownFileType = folder.assetcatalog; path = Assets.xcassets; sourceTree = "<group>"; };
		665382732DC0C19C00B5381D /* Info.plist */ = {isa = PBXFileReference; lastKnownFileType = text.plist.xml; path = Info.plist; sourceTree = "<group>"; };
		6653827F2DC2062400B5381D /* HotelsListReducer.swift */ = {isa = PBXFileReference; lastKnownFileType = sourcecode.swift; path = HotelsListReducer.swift; sourceTree = "<group>"; };
		665382822DC2126E00B5381D /* HotelDetail.swift */ = {isa = PBXFileReference; lastKnownFileType = sourcecode.swift; path = HotelDetail.swift; sourceTree = "<group>"; };
		665382842DC212A000B5381D /* HotelDetailReducer.swift */ = {isa = PBXFileReference; lastKnownFileType = sourcecode.swift; path = HotelDetailReducer.swift; sourceTree = "<group>"; };
		665382892DC213FE00B5381D /* HotelSummary.swift */ = {isa = PBXFileReference; lastKnownFileType = sourcecode.swift; path = HotelSummary.swift; sourceTree = "<group>"; };
		6653828B2DC28CAB00B5381D /* iMofasNetworkManager.swift */ = {isa = PBXFileReference; lastKnownFileType = sourcecode.swift; path = iMofasNetworkManager.swift; sourceTree = "<group>"; };
/* End PBXFileReference section */

/* Begin PBXFrameworksBuildPhase section */
		665382462DC0B55B00B5381D /* Frameworks */ = {
			isa = PBXFrameworksBuildPhase;
			buildActionMask = 2147483647;
			files = (
				6653827C2DC0D66A00B5381D /* ComposableArchitecture in Frameworks */,
			);
			runOnlyForDeploymentPostprocessing = 0;
		};
/* End PBXFrameworksBuildPhase section */

/* Begin PBXGroup section */
		660483502DCA008900FC6A38 /* HotelsList */ = {
			isa = PBXGroup;
			children = (
				6653827F2DC2062400B5381D /* HotelsListReducer.swift */,
				6604834D2DC9FC6400FC6A38 /* HotelsListState.swift */,
				660483542DCA060600FC6A38 /* HotelsListAction.swift */,
				660483492DC9FBD500FC6A38 /* HotelSortType.swift */,
				660483602DCA4A9B00FC6A38 /* Views */,
			);
			path = HotelsList;
			sourceTree = "<group>";
		};
		660483512DCA009100FC6A38 /* HotelDetail */ = {
			isa = PBXGroup;
			children = (
				660483522DCA059300FC6A38 /* HotelDetailAction.swift */,
				665382842DC212A000B5381D /* HotelDetailReducer.swift */,
				660483582DCA06E000FC6A38 /* HotelDetailViewController.swift */,
			);
			path = HotelDetail;
			sourceTree = "<group>";
		};
		660483602DCA4A9B00FC6A38 /* Views */ = {
			isa = PBXGroup;
			children = (
				660483562DCA06AF00FC6A38 /* HotelsListViewController.swift */,
				660483612DCA4AA600FC6A38 /* HotelCell.swift */,
			);
			path = Views;
			sourceTree = "<group>";
		};
		660483642DCB5D8400FC6A38 /* Dependencies */ = {
			isa = PBXGroup;
			children = (
				660483672DCB5DEA00FC6A38 /* LocalDataSourceDependency.swift */,
				660483652DCB5DB600FC6A38 /* DataSourceDependency.swift */,
			);
			path = Dependencies;
			sourceTree = "<group>";
		};
		665382402DC0B55B00B5381D = {
			isa = PBXGroup;
			children = (
				665382752DC0C19C00B5381D /* hotels_list */,
				6653824A2DC0B55B00B5381D /* Products */,
			);
			sourceTree = "<group>";
		};
		6653824A2DC0B55B00B5381D /* Products */ = {
			isa = PBXGroup;
			children = (
				665382492DC0B55B00B5381D /* hotels_list.app */,
			);
			name = Products;
			sourceTree = "<group>";
		};
		665382752DC0C19C00B5381D /* hotels_list */ = {
			isa = PBXGroup;
			children = (
				665382712DC0C19C00B5381D /* AppDelegate.swift */,
				6604835A2DCA459A00FC6A38 /* Coordinator.swift */,
				6604835E2DCA466500FC6A38 /* DataSource.swift */,
				6604835C2DCA460A00FC6A38 /* SomeAPIDataSource.swift */,
				6653828B2DC28CAB00B5381D /* iMofasNetworkManager.swift */,
				660483642DCB5D8400FC6A38 /* Dependencies */,
				660483502DCA008900FC6A38 /* HotelsList */,
				660483512DCA009100FC6A38 /* HotelDetail */,
				665382812DC2126400B5381D /* Models */,
				665382722DC0C19C00B5381D /* Assets.xcassets */,
				665382732DC0C19C00B5381D /* Info.plist */,
			);
			path = hotels_list;
			sourceTree = "<group>";
		};
		665382812DC2126400B5381D /* Models */ = {
			isa = PBXGroup;
			children = (
				665382892DC213FE00B5381D /* HotelSummary.swift */,
				665382822DC2126E00B5381D /* HotelDetail.swift */,
			);
			path = Models;
			sourceTree = "<group>";
		};
/* End PBXGroup section */

/* Begin PBXNativeTarget section */
		665382482DC0B55B00B5381D /* hotels_list */ = {
			isa = PBXNativeTarget;
			buildConfigurationList = 6653825C2DC0B55D00B5381D /* Build configuration list for PBXNativeTarget "hotels_list" */;
			buildPhases = (
				665382452DC0B55B00B5381D /* Sources */,
				665382462DC0B55B00B5381D /* Frameworks */,
				665382472DC0B55B00B5381D /* Resources */,
			);
			buildRules = (
			);
			dependencies = (
			);
			name = hotels_list;
			packageProductDependencies = (
				6653827B2DC0D66A00B5381D /* ComposableArchitecture */,
			);
			productName = hotels_list;
			productReference = 665382492DC0B55B00B5381D /* hotels_list.app */;
			productType = "com.apple.product-type.application";
		};
/* End PBXNativeTarget section */

/* Begin PBXProject section */
		665382412DC0B55B00B5381D /* Project object */ = {
			isa = PBXProject;
			attributes = {
				BuildIndependentTargetsInParallel = 1;
				LastSwiftUpdateCheck = 1630;
				LastUpgradeCheck = 1630;
				TargetAttributes = {
					665382482DC0B55B00B5381D = {
						CreatedOnToolsVersion = 16.3;
					};
				};
			};
			buildConfigurationList = 665382442DC0B55B00B5381D /* Build configuration list for PBXProject "hotels_list" */;
			developmentRegion = en;
			hasScannedForEncodings = 0;
			knownRegions = (
				en,
				Base,
			);
			mainGroup = 665382402DC0B55B00B5381D;
			minimizedProjectReferenceProxies = 1;
			packageReferences = (
				6653827A2DC0D66A00B5381D /* XCRemoteSwiftPackageReference "swift-composable-architecture" */,
			);
			preferredProjectObjectVersion = 77;
			productRefGroup = 6653824A2DC0B55B00B5381D /* Products */;
			projectDirPath = "";
			projectRoot = "";
			targets = (
				665382482DC0B55B00B5381D /* hotels_list */,
			);
		};
/* End PBXProject section */

/* Begin PBXResourcesBuildPhase section */
		665382472DC0B55B00B5381D /* Resources */ = {
			isa = PBXResourcesBuildPhase;
			buildActionMask = 2147483647;
			files = (
				665382762DC0C19C00B5381D /* Assets.xcassets in Resources */,
			);
			runOnlyForDeploymentPostprocessing = 0;
		};
/* End PBXResourcesBuildPhase section */

/* Begin PBXSourcesBuildPhase section */
		665382452DC0B55B00B5381D /* Sources */ = {
			isa = PBXSourcesBuildPhase;
			buildActionMask = 2147483647;
			files = (
				665382852DC212A400B5381D /* HotelDetailReducer.swift in Sources */,
				665382802DC2062B00B5381D /* HotelsListReducer.swift in Sources */,
				660483532DCA059D00FC6A38 /* HotelDetailAction.swift in Sources */,
				6604834E2DC9FC6A00FC6A38 /* HotelsListState.swift in Sources */,
				6604835D2DCA461200FC6A38 /* SomeAPIDataSource.swift in Sources */,
				6653828C2DC28CAE00B5381D /* iMofasNetworkManager.swift in Sources */,
				660483682DCB5DEF00FC6A38 /* LocalDataSourceDependency.swift in Sources */,
				6604835F2DCA466A00FC6A38 /* DataSource.swift in Sources */,
				665382782DC0C19C00B5381D /* AppDelegate.swift in Sources */,
				6604835B2DCA459E00FC6A38 /* Coordinator.swift in Sources */,
				660483572DCA06C400FC6A38 /* HotelsListViewController.swift in Sources */,
				665382832DC2127000B5381D /* HotelDetail.swift in Sources */,
				660483662DCB5DD700FC6A38 /* DataSourceDependency.swift in Sources */,
				660483622DCA4AB300FC6A38 /* HotelCell.swift in Sources */,
				6604834A2DC9FBE800FC6A38 /* HotelSortType.swift in Sources */,
				6653828A2DC2140100B5381D /* HotelSummary.swift in Sources */,
				660483552DCA060E00FC6A38 /* HotelsListAction.swift in Sources */,
				660483592DCA06E700FC6A38 /* HotelDetailViewController.swift in Sources */,
			);
			runOnlyForDeploymentPostprocessing = 0;
		};
/* End PBXSourcesBuildPhase section */

/* Begin XCBuildConfiguration section */
		6653825D2DC0B55D00B5381D /* Debug */ = {
			isa = XCBuildConfiguration;
			buildSettings = {
				ASSETCATALOG_COMPILER_APPICON_NAME = AppIcon;
				ASSETCATALOG_COMPILER_GLOBAL_ACCENT_COLOR_NAME = AccentColor;
				CODE_SIGN_STYLE = Automatic;
				CURRENT_PROJECT_VERSION = 1;
				DEVELOPMENT_TEAM = 96D9Q2BEQH;
				GENERATE_INFOPLIST_FILE = YES;
				INFOPLIST_FILE = hotels_list/Info.plist;
				INFOPLIST_KEY_UIApplicationSupportsIndirectInputEvents = YES;
				INFOPLIST_KEY_UISupportedInterfaceOrientations_iPad = "UIInterfaceOrientationPortrait UIInterfaceOrientationPortraitUpsideDown UIInterfaceOrientationLandscapeLeft UIInterfaceOrientationLandscapeRight";
				INFOPLIST_KEY_UISupportedInterfaceOrientations_iPhone = "UIInterfaceOrientationPortrait UIInterfaceOrientationLandscapeLeft UIInterfaceOrientationLandscapeRight";
				IPHONEOS_DEPLOYMENT_TARGET = 15.6;
				LD_RUNPATH_SEARCH_PATHS = (
					"$(inherited)",
					"@executable_path/Frameworks",
				);
				MARKETING_VERSION = 1.0;
				PRODUCT_BUNDLE_IDENTIFIER = "com.georgymetsanurk.hotels-list";
				PRODUCT_NAME = "$(TARGET_NAME)";
				SWIFT_EMIT_LOC_STRINGS = YES;
				TARGETED_DEVICE_FAMILY = "1,2";
			};
			name = Debug;
		};
		6653825E2DC0B55D00B5381D /* Release */ = {
			isa = XCBuildConfiguration;
			buildSettings = {
				ASSETCATALOG_COMPILER_APPICON_NAME = AppIcon;
				ASSETCATALOG_COMPILER_GLOBAL_ACCENT_COLOR_NAME = AccentColor;
				CODE_SIGN_STYLE = Automatic;
				CURRENT_PROJECT_VERSION = 1;
				DEVELOPMENT_TEAM = 96D9Q2BEQH;
				GENERATE_INFOPLIST_FILE = YES;
				INFOPLIST_FILE = hotels_list/Info.plist;
				INFOPLIST_KEY_UIApplicationSupportsIndirectInputEvents = YES;
				INFOPLIST_KEY_UISupportedInterfaceOrientations_iPad = "UIInterfaceOrientationPortrait UIInterfaceOrientationPortraitUpsideDown UIInterfaceOrientationLandscapeLeft UIInterfaceOrientationLandscapeRight";
				INFOPLIST_KEY_UISupportedInterfaceOrientations_iPhone = "UIInterfaceOrientationPortrait UIInterfaceOrientationLandscapeLeft UIInterfaceOrientationLandscapeRight";
				IPHONEOS_DEPLOYMENT_TARGET = 15.6;
				LD_RUNPATH_SEARCH_PATHS = (
					"$(inherited)",
					"@executable_path/Frameworks",
				);
				MARKETING_VERSION = 1.0;
				PRODUCT_BUNDLE_IDENTIFIER = "com.georgymetsanurk.hotels-list";
				PRODUCT_NAME = "$(TARGET_NAME)";
				SWIFT_EMIT_LOC_STRINGS = YES;
				TARGETED_DEVICE_FAMILY = "1,2";
			};
			name = Release;
		};
		6653825F2DC0B55D00B5381D /* Debug */ = {
			isa = XCBuildConfiguration;
			buildSettings = {
				ALWAYS_SEARCH_USER_PATHS = NO;
				ASSETCATALOG_COMPILER_GENERATE_SWIFT_ASSET_SYMBOL_EXTENSIONS = YES;
				CLANG_ANALYZER_NONNULL = YES;
				CLANG_ANALYZER_NUMBER_OBJECT_CONVERSION = YES_AGGRESSIVE;
				CLANG_CXX_LANGUAGE_STANDARD = "gnu++20";
				CLANG_ENABLE_MODULES = YES;
				CLANG_ENABLE_OBJC_ARC = YES;
				CLANG_ENABLE_OBJC_WEAK = YES;
				CLANG_WARN_BLOCK_CAPTURE_AUTORELEASING = YES;
				CLANG_WARN_BOOL_CONVERSION = YES;
				CLANG_WARN_COMMA = YES;
				CLANG_WARN_CONSTANT_CONVERSION = YES;
				CLANG_WARN_DEPRECATED_OBJC_IMPLEMENTATIONS = YES;
				CLANG_WARN_DIRECT_OBJC_ISA_USAGE = YES_ERROR;
				CLANG_WARN_DOCUMENTATION_COMMENTS = YES;
				CLANG_WARN_EMPTY_BODY = YES;
				CLANG_WARN_ENUM_CONVERSION = YES;
				CLANG_WARN_INFINITE_RECURSION = YES;
				CLANG_WARN_INT_CONVERSION = YES;
				CLANG_WARN_NON_LITERAL_NULL_CONVERSION = YES;
				CLANG_WARN_OBJC_IMPLICIT_RETAIN_SELF = YES;
				CLANG_WARN_OBJC_LITERAL_CONVERSION = YES;
				CLANG_WARN_OBJC_ROOT_CLASS = YES_ERROR;
				CLANG_WARN_QUOTED_INCLUDE_IN_FRAMEWORK_HEADER = YES;
				CLANG_WARN_RANGE_LOOP_ANALYSIS = YES;
				CLANG_WARN_STRICT_PROTOTYPES = YES;
				CLANG_WARN_SUSPICIOUS_MOVE = YES;
				CLANG_WARN_UNGUARDED_AVAILABILITY = YES_AGGRESSIVE;
				CLANG_WARN_UNREACHABLE_CODE = YES;
				CLANG_WARN__DUPLICATE_METHOD_MATCH = YES;
				COPY_PHASE_STRIP = NO;
				DEBUG_INFORMATION_FORMAT = dwarf;
				DEVELOPMENT_TEAM = MD7BX59K88;
				ENABLE_STRICT_OBJC_MSGSEND = YES;
				ENABLE_TESTABILITY = YES;
				ENABLE_USER_SCRIPT_SANDBOXING = YES;
				GCC_C_LANGUAGE_STANDARD = gnu17;
				GCC_DYNAMIC_NO_PIC = NO;
				GCC_NO_COMMON_BLOCKS = YES;
				GCC_OPTIMIZATION_LEVEL = 0;
				GCC_PREPROCESSOR_DEFINITIONS = (
					"DEBUG=1",
					"$(inherited)",
				);
				GCC_WARN_64_TO_32_BIT_CONVERSION = YES;
				GCC_WARN_ABOUT_RETURN_TYPE = YES_ERROR;
				GCC_WARN_UNDECLARED_SELECTOR = YES;
				GCC_WARN_UNINITIALIZED_AUTOS = YES_AGGRESSIVE;
				GCC_WARN_UNUSED_FUNCTION = YES;
				GCC_WARN_UNUSED_VARIABLE = YES;
				IPHONEOS_DEPLOYMENT_TARGET = 18.4;
				LOCALIZATION_PREFERS_STRING_CATALOGS = YES;
				MTL_ENABLE_DEBUG_INFO = INCLUDE_SOURCE;
				MTL_FAST_MATH = YES;
				ONLY_ACTIVE_ARCH = YES;
				SDKROOT = iphoneos;
				SWIFT_ACTIVE_COMPILATION_CONDITIONS = "DEBUG $(inherited)";
				SWIFT_OPTIMIZATION_LEVEL = "-Onone";
				SWIFT_VERSION = 6.0;
			};
			name = Debug;
		};
		665382602DC0B55D00B5381D /* Release */ = {
			isa = XCBuildConfiguration;
			buildSettings = {
				ALWAYS_SEARCH_USER_PATHS = NO;
				ASSETCATALOG_COMPILER_GENERATE_SWIFT_ASSET_SYMBOL_EXTENSIONS = YES;
				CLANG_ANALYZER_NONNULL = YES;
				CLANG_ANALYZER_NUMBER_OBJECT_CONVERSION = YES_AGGRESSIVE;
				CLANG_CXX_LANGUAGE_STANDARD = "gnu++20";
				CLANG_ENABLE_MODULES = YES;
				CLANG_ENABLE_OBJC_ARC = YES;
				CLANG_ENABLE_OBJC_WEAK = YES;
				CLANG_WARN_BLOCK_CAPTURE_AUTORELEASING = YES;
				CLANG_WARN_BOOL_CONVERSION = YES;
				CLANG_WARN_COMMA = YES;
				CLANG_WARN_CONSTANT_CONVERSION = YES;
				CLANG_WARN_DEPRECATED_OBJC_IMPLEMENTATIONS = YES;
				CLANG_WARN_DIRECT_OBJC_ISA_USAGE = YES_ERROR;
				CLANG_WARN_DOCUMENTATION_COMMENTS = YES;
				CLANG_WARN_EMPTY_BODY = YES;
				CLANG_WARN_ENUM_CONVERSION = YES;
				CLANG_WARN_INFINITE_RECURSION = YES;
				CLANG_WARN_INT_CONVERSION = YES;
				CLANG_WARN_NON_LITERAL_NULL_CONVERSION = YES;
				CLANG_WARN_OBJC_IMPLICIT_RETAIN_SELF = YES;
				CLANG_WARN_OBJC_LITERAL_CONVERSION = YES;
				CLANG_WARN_OBJC_ROOT_CLASS = YES_ERROR;
				CLANG_WARN_QUOTED_INCLUDE_IN_FRAMEWORK_HEADER = YES;
				CLANG_WARN_RANGE_LOOP_ANALYSIS = YES;
				CLANG_WARN_STRICT_PROTOTYPES = YES;
				CLANG_WARN_SUSPICIOUS_MOVE = YES;
				CLANG_WARN_UNGUARDED_AVAILABILITY = YES_AGGRESSIVE;
				CLANG_WARN_UNREACHABLE_CODE = YES;
				CLANG_WARN__DUPLICATE_METHOD_MATCH = YES;
				COPY_PHASE_STRIP = NO;
				DEBUG_INFORMATION_FORMAT = "dwarf-with-dsym";
				DEVELOPMENT_TEAM = MD7BX59K88;
				ENABLE_NS_ASSERTIONS = NO;
				ENABLE_STRICT_OBJC_MSGSEND = YES;
				ENABLE_USER_SCRIPT_SANDBOXING = YES;
				GCC_C_LANGUAGE_STANDARD = gnu17;
				GCC_NO_COMMON_BLOCKS = YES;
				GCC_WARN_64_TO_32_BIT_CONVERSION = YES;
				GCC_WARN_ABOUT_RETURN_TYPE = YES_ERROR;
				GCC_WARN_UNDECLARED_SELECTOR = YES;
				GCC_WARN_UNINITIALIZED_AUTOS = YES_AGGRESSIVE;
				GCC_WARN_UNUSED_FUNCTION = YES;
				GCC_WARN_UNUSED_VARIABLE = YES;
				IPHONEOS_DEPLOYMENT_TARGET = 18.4;
				LOCALIZATION_PREFERS_STRING_CATALOGS = YES;
				MTL_ENABLE_DEBUG_INFO = NO;
				MTL_FAST_MATH = YES;
				SDKROOT = iphoneos;
				SWIFT_COMPILATION_MODE = wholemodule;
				SWIFT_VERSION = 6.0;
				VALIDATE_PRODUCT = YES;
			};
			name = Release;
		};
/* End XCBuildConfiguration section */

/* Begin XCConfigurationList section */
		665382442DC0B55B00B5381D /* Build configuration list for PBXProject "hotels_list" */ = {
			isa = XCConfigurationList;
			buildConfigurations = (
				6653825F2DC0B55D00B5381D /* Debug */,
				665382602DC0B55D00B5381D /* Release */,
			);
			defaultConfigurationIsVisible = 0;
			defaultConfigurationName = Release;
		};
		6653825C2DC0B55D00B5381D /* Build configuration list for PBXNativeTarget "hotels_list" */ = {
			isa = XCConfigurationList;
			buildConfigurations = (
				6653825D2DC0B55D00B5381D /* Debug */,
				6653825E2DC0B55D00B5381D /* Release */,
			);
			defaultConfigurationIsVisible = 0;
			defaultConfigurationName = Release;
		};
/* End XCConfigurationList section */

/* Begin XCRemoteSwiftPackageReference section */
		6653827A2DC0D66A00B5381D /* XCRemoteSwiftPackageReference "swift-composable-architecture" */ = {
			isa = XCRemoteSwiftPackageReference;
			repositoryURL = "https://github.com/pointfreeco/swift-composable-architecture";
			requirement = {
				kind = exactVersion;
				version = 1.19.1;
			};
		};
/* End XCRemoteSwiftPackageReference section */

/* Begin XCSwiftPackageProductDependency section */
		6653827B2DC0D66A00B5381D /* ComposableArchitecture */ = {
			isa = XCSwiftPackageProductDependency;
			package = 6653827A2DC0D66A00B5381D /* XCRemoteSwiftPackageReference "swift-composable-architecture" */;
			productName = ComposableArchitecture;
		};
/* End XCSwiftPackageProductDependency section */
	};
	rootObject = 665382412DC0B55B00B5381D /* Project object */;
}
